
Microsoft Visual Studio Solution File, Format Version 12.00
# Visual Studio Version 17
VisualStudioVersion = 17.9.34607.119
MinimumVisualStudioVersion = 10.0.40219.1
Project("{FAE04EC0-301F-11D3-BF4B-00C04F79EFBC}") = "SBStoreWeb", "SBStoreWeb\SBStoreWeb.csproj", "{B54A71AD-C65B-427E-9A5E-B82C85FB52B2}"
EndProject
Global
	GlobalSection(SolutionConfigurationPlatforms) = preSolution
		Debug|Any CPU = Debug|Any CPU
		Release|Any CPU = Release|Any CPU
	EndGlobalSection
	GlobalSection(ProjectConfigurationPlatforms) = postSolution
		{B54A71AD-C65B-427E-9A5E-B82C85FB52B2}.Debug|Any CPU.ActiveCfg = Debug|Any CPU
		{B54A71AD-C65B-427E-9A5E-B82C85FB52B2}.Debug|Any CPU.Build.0 = Debug|Any CPU
		{B54A71AD-C65B-427E-9A5E-B82C85FB52B2}.Release|Any CPU.ActiveCfg = Release|Any CPU
		{B54A71AD-C65B-427E-9A5E-B82C85FB52B2}.Release|Any CPU.Build.0 = Release|Any CPU
	EndGlobalSection
	GlobalSection(SolutionProperties) = preSolution
		HideSolutionNode = FALSE
	EndGlobalSection
	GlobalSection(ExtensibilityGlobals) = postSolution
		SolutionGuid = {DA3454BF-AEE1-4734-9EF3-E6EBFFF92BC3}
	EndGlobalSection
EndGlobal
